// !$*UTF8*$!
{
	archiveVersion = 1;
	classes = {
	};
	objectVersion = 50;
	objects = {

/* Begin PBXBuildFile section */
		9095386521DBF3BA00BE8EFC /* tiantianqidong.jpg in Resources */ = {isa = PBXBuildFile; fileRef = 9095386421DBF3BA00BE8EFC /* tiantianqidong.jpg */; };
		90E6BE6B21BB222C00E38F81 /* AppDelegate.swift in Sources */ = {isa = PBXBuildFile; fileRef = 90E6BE6A21BB222C00E38F81 /* AppDelegate.swift */; };
		90E6BE6D21BB222C00E38F81 /* ViewController.swift in Sources */ = {isa = PBXBuildFile; fileRef = 90E6BE6C21BB222C00E38F81 /* ViewController.swift */; };
		90E6BE7021BB222C00E38F81 /* Main.storyboard in Resources */ = {isa = PBXBuildFile; fileRef = 90E6BE6E21BB222C00E38F81 /* Main.storyboard */; };
		90E6BE7221BB222E00E38F81 /* Assets.xcassets in Resources */ = {isa = PBXBuildFile; fileRef = 90E6BE7121BB222E00E38F81 /* Assets.xcassets */; };
		90E6BE7521BB222E00E38F81 /* LaunchScreen.storyboard in Resources */ = {isa = PBXBuildFile; fileRef = 90E6BE7321BB222E00E38F81 /* LaunchScreen.storyboard */; };
		90E6BE8021BB222F00E38F81 /* appios1Tests.swift in Sources */ = {isa = PBXBuildFile; fileRef = 90E6BE7F21BB222F00E38F81 /* appios1Tests.swift */; };
		90E6BE8B21BB222F00E38F81 /* appios1UITests.swift in Sources */ = {isa = PBXBuildFile; fileRef = 90E6BE8A21BB222F00E38F81 /* appios1UITests.swift */; };
		D1A24716565001041A9895B0 /* Pods_appios1.framework in Frameworks */ = {isa = PBXBuildFile; fileRef = DB4C44123E3CBF65506A05F4 /* Pods_appios1.framework */; };
/* End PBXBuildFile section */

/* Begin PBXContainerItemProxy section */
		90E6BE7C21BB222F00E38F81 /* PBXContainerItemProxy */ = {
			isa = PBXContainerItemProxy;
			containerPortal = 90E6BE5F21BB222C00E38F81 /* Project object */;
			proxyType = 1;
			remoteGlobalIDString = 90E6BE6621BB222C00E38F81;
			remoteInfo = appios1;
		};
		90E6BE8721BB222F00E38F81 /* PBXContainerItemProxy */ = {
			isa = PBXContainerItemProxy;
			containerPortal = 90E6BE5F21BB222C00E38F81 /* Project object */;
			proxyType = 1;
			remoteGlobalIDString = 90E6BE6621BB222C00E38F81;
			remoteInfo = appios1;
		};
/* End PBXContainerItemProxy section */

/* Begin PBXFileReference section */
		8BEB127EDE9CD6877A52A2CF /* Pods-appios1.debug.xcconfig */ = {isa = PBXFileReference; includeInIndex = 1; lastKnownFileType = text.xcconfig; name = "Pods-appios1.debug.xcconfig"; path = "Pods/Target Support Files/Pods-appios1/Pods-appios1.debug.xcconfig"; sourceTree = "<group>"; };
		900F33BE21BB37D800960564 /* appios1-Bridging-Header.h */ = {isa = PBXFileReference; lastKnownFileType = sourcecode.c.h; path = "appios1-Bridging-Header.h"; sourceTree = "<group>"; };
		9095386121BC92A700BE8EFC /* appios1.entitlements */ = {isa = PBXFileReference; lastKnownFileType = text.plist.entitlements; path = appios1.entitlements; sourceTree = "<group>"; };
		9095386421DBF3BA00BE8EFC /* tiantianqidong.jpg */ = {isa = PBXFileReference; lastKnownFileType = image.jpeg; path = tiantianqidong.jpg; sourceTree = "<group>"; };
		90E6BE6721BB222C00E38F81 /* appios1.app */ = {isa = PBXFileReference; explicitFileType = wrapper.application; includeInIndex = 0; path = appios1.app; sourceTree = BUILT_PRODUCTS_DIR; };
		90E6BE6A21BB222C00E38F81 /* AppDelegate.swift */ = {isa = PBXFileReference; lastKnownFileType = sourcecode.swift; path = AppDelegate.swift; sourceTree = "<group>"; };
		90E6BE6C21BB222C00E38F81 /* ViewController.swift */ = {isa = PBXFileReference; lastKnownFileType = sourcecode.swift; path = ViewController.swift; sourceTree = "<group>"; };
		90E6BE6F21BB222C00E38F81 /* Base */ = {isa = PBXFileReference; lastKnownFileType = file.storyboard; name = Base; path = Base.lproj/Main.storyboard; sourceTree = "<group>"; };
		90E6BE7121BB222E00E38F81 /* Assets.xcassets */ = {isa = PBXFileReference; lastKnownFileType = folder.assetcatalog; path = Assets.xcassets; sourceTree = "<group>"; };
		90E6BE7421BB222E00E38F81 /* Base */ = {isa = PBXFileReference; lastKnownFileType = file.storyboard; name = Base; path = Base.lproj/LaunchScreen.storyboard; sourceTree = "<group>"; };
		90E6BE7621BB222E00E38F81 /* Info.plist */ = {isa = PBXFileReference; lastKnownFileType = text.plist.xml; path = Info.plist; sourceTree = "<group>"; };
		90E6BE7B21BB222F00E38F81 /* appios1Tests.xctest */ = {isa = PBXFileReference; explicitFileType = wrapper.cfbundle; includeInIndex = 0; path = appios1Tests.xctest; sourceTree = BUILT_PRODUCTS_DIR; };
		90E6BE7F21BB222F00E38F81 /* appios1Tests.swift */ = {isa = PBXFileReference; lastKnownFileType = sourcecode.swift; path = appios1Tests.swift; sourceTree = "<group>"; };
		90E6BE8121BB222F00E38F81 /* Info.plist */ = {isa = PBXFileReference; lastKnownFileType = text.plist.xml; path = Info.plist; sourceTree = "<group>"; };
		90E6BE8621BB222F00E38F81 /* appios1UITests.xctest */ = {isa = PBXFileReference; explicitFileType = wrapper.cfbundle; includeInIndex = 0; path = appios1UITests.xctest; sourceTree = BUILT_PRODUCTS_DIR; };
		90E6BE8A21BB222F00E38F81 /* appios1UITests.swift */ = {isa = PBXFileReference; lastKnownFileType = sourcecode.swift; path = appios1UITests.swift; sourceTree = "<group>"; };
		90E6BE8C21BB222F00E38F81 /* Info.plist */ = {isa = PBXFileReference; lastKnownFileType = text.plist.xml; path = Info.plist; sourceTree = "<group>"; };
		9CAC3FBFA227B719955AF760 /* Pods-appios1.release.xcconfig */ = {isa = PBXFileReference; includeInIndex = 1; lastKnownFileType = text.xcconfig; name = "Pods-appios1.release.xcconfig"; path = "Pods/Target Support Files/Pods-appios1/Pods-appios1.release.xcconfig"; sourceTree = "<group>"; };
		DB4C44123E3CBF65506A05F4 /* Pods_appios1.framework */ = {isa = PBXFileReference; explicitFileType = wrapper.framework; includeInIndex = 0; path = Pods_appios1.framework; sourceTree = BUILT_PRODUCTS_DIR; };
/* End PBXFileReference section */

/* Begin PBXFrameworksBuildPhase section */
		90E6BE6421BB222C00E38F81 /* Frameworks */ = {
			isa = PBXFrameworksBuildPhase;
			buildActionMask = 2147483647;
			files = (
				D1A24716565001041A9895B0 /* Pods_appios1.framework in Frameworks */,
			);
			runOnlyForDeploymentPostprocessing = 0;
		};
		90E6BE7821BB222F00E38F81 /* Frameworks */ = {
			isa = PBXFrameworksBuildPhase;
			buildActionMask = 2147483647;
			files = (
			);
			runOnlyForDeploymentPostprocessing = 0;
		};
		90E6BE8321BB222F00E38F81 /* Frameworks */ = {
			isa = PBXFrameworksBuildPhase;
			buildActionMask = 2147483647;
			files = (
			);
			runOnlyForDeploymentPostprocessing = 0;
		};
/* End PBXFrameworksBuildPhase section */

/* Begin PBXGroup section */
		088EAAEE7621751ED2325425 /* Pods */ = {
			isa = PBXGroup;
			children = (
				8BEB127EDE9CD6877A52A2CF /* Pods-appios1.debug.xcconfig */,
				9CAC3FBFA227B719955AF760 /* Pods-appios1.release.xcconfig */,
			);
			name = Pods;
			sourceTree = "<group>";
		};
		90E6BE5E21BB222C00E38F81 = {
			isa = PBXGroup;
			children = (
				90E6BE6921BB222C00E38F81 /* appios1 */,
				90E6BE7E21BB222F00E38F81 /* appios1Tests */,
				90E6BE8921BB222F00E38F81 /* appios1UITests */,
				90E6BE6821BB222C00E38F81 /* Products */,
				088EAAEE7621751ED2325425 /* Pods */,
				917E9EEADDBA4A8AD58B71BA /* Frameworks */,
			);
			sourceTree = "<group>";
		};
		90E6BE6821BB222C00E38F81 /* Products */ = {
			isa = PBXGroup;
			children = (
				90E6BE6721BB222C00E38F81 /* appios1.app */,
				90E6BE7B21BB222F00E38F81 /* appios1Tests.xctest */,
				90E6BE8621BB222F00E38F81 /* appios1UITests.xctest */,
			);
			name = Products;
			sourceTree = "<group>";
		};
		90E6BE6921BB222C00E38F81 /* appios1 */ = {
			isa = PBXGroup;
			children = (
				9095386421DBF3BA00BE8EFC /* tiantianqidong.jpg */,
				9095386121BC92A700BE8EFC /* appios1.entitlements */,
				90E6BE6A21BB222C00E38F81 /* AppDelegate.swift */,
				90E6BE6C21BB222C00E38F81 /* ViewController.swift */,
				90E6BE6E21BB222C00E38F81 /* Main.storyboard */,
				90E6BE7121BB222E00E38F81 /* Assets.xcassets */,
				90E6BE7321BB222E00E38F81 /* LaunchScreen.storyboard */,
				90E6BE7621BB222E00E38F81 /* Info.plist */,
				900F33BE21BB37D800960564 /* appios1-Bridging-Header.h */,
			);
			path = appios1;
			sourceTree = "<group>";
		};
		90E6BE7E21BB222F00E38F81 /* appios1Tests */ = {
			isa = PBXGroup;
			children = (
				90E6BE7F21BB222F00E38F81 /* appios1Tests.swift */,
				90E6BE8121BB222F00E38F81 /* Info.plist */,
			);
			path = appios1Tests;
			sourceTree = "<group>";
		};
		90E6BE8921BB222F00E38F81 /* appios1UITests */ = {
			isa = PBXGroup;
			children = (
				90E6BE8A21BB222F00E38F81 /* appios1UITests.swift */,
				90E6BE8C21BB222F00E38F81 /* Info.plist */,
			);
			path = appios1UITests;
			sourceTree = "<group>";
		};
		917E9EEADDBA4A8AD58B71BA /* Frameworks */ = {
			isa = PBXGroup;
			children = (
				DB4C44123E3CBF65506A05F4 /* Pods_appios1.framework */,
			);
			name = Frameworks;
			sourceTree = "<group>";
		};
/* End PBXGroup section */

/* Begin PBXNativeTarget section */
		90E6BE6621BB222C00E38F81 /* appios1 */ = {
			isa = PBXNativeTarget;
			buildConfigurationList = 90E6BE8F21BB222F00E38F81 /* Build configuration list for PBXNativeTarget "appios1" */;
			buildPhases = (
				3DDC566D61C9ACF45C11AF03 /* [CP] Check Pods Manifest.lock */,
				90E6BE6321BB222C00E38F81 /* Sources */,
				90E6BE6421BB222C00E38F81 /* Frameworks */,
				90E6BE6521BB222C00E38F81 /* Resources */,
				10CB658DD2F7492D9282A41B /* [CP] Embed Pods Frameworks */,
			);
			buildRules = (
			);
			dependencies = (
			);
			name = appios1;
			productName = appios1;
			productReference = 90E6BE6721BB222C00E38F81 /* appios1.app */;
			productType = "com.apple.product-type.application";
		};
		90E6BE7A21BB222F00E38F81 /* appios1Tests */ = {
			isa = PBXNativeTarget;
			buildConfigurationList = 90E6BE9221BB222F00E38F81 /* Build configuration list for PBXNativeTarget "appios1Tests" */;
			buildPhases = (
				90E6BE7721BB222F00E38F81 /* Sources */,
				90E6BE7821BB222F00E38F81 /* Frameworks */,
				90E6BE7921BB222F00E38F81 /* Resources */,
			);
			buildRules = (
			);
			dependencies = (
				90E6BE7D21BB222F00E38F81 /* PBXTargetDependency */,
			);
			name = appios1Tests;
			productName = appios1Tests;
			productReference = 90E6BE7B21BB222F00E38F81 /* appios1Tests.xctest */;
			productType = "com.apple.product-type.bundle.unit-test";
		};
		90E6BE8521BB222F00E38F81 /* appios1UITests */ = {
			isa = PBXNativeTarget;
			buildConfigurationList = 90E6BE9521BB222F00E38F81 /* Build configuration list for PBXNativeTarget "appios1UITests" */;
			buildPhases = (
				90E6BE8221BB222F00E38F81 /* Sources */,
				90E6BE8321BB222F00E38F81 /* Frameworks */,
				90E6BE8421BB222F00E38F81 /* Resources */,
			);
			buildRules = (
			);
			dependencies = (
				90E6BE8821BB222F00E38F81 /* PBXTargetDependency */,
			);
			name = appios1UITests;
			productName = appios1UITests;
			productReference = 90E6BE8621BB222F00E38F81 /* appios1UITests.xctest */;
			productType = "com.apple.product-type.bundle.ui-testing";
		};
/* End PBXNativeTarget section */

/* Begin PBXProject section */
		90E6BE5F21BB222C00E38F81 /* Project object */ = {
			isa = PBXProject;
			attributes = {
				LastSwiftUpdateCheck = 1010;
				LastUpgradeCheck = 1010;
				ORGANIZATIONNAME = j309999174;
				TargetAttributes = {
					90E6BE6621BB222C00E38F81 = {
						CreatedOnToolsVersion = 10.1;
						SystemCapabilities = {
							com.apple.BackgroundModes = {
								enabled = 1;
							};
							com.apple.Push = {
								enabled = 1;
							};
						};
					};
					90E6BE7A21BB222F00E38F81 = {
						CreatedOnToolsVersion = 10.1;
						TestTargetID = 90E6BE6621BB222C00E38F81;
					};
					90E6BE8521BB222F00E38F81 = {
						CreatedOnToolsVersion = 10.1;
						TestTargetID = 90E6BE6621BB222C00E38F81;
					};
				};
			};
			buildConfigurationList = 90E6BE6221BB222C00E38F81 /* Build configuration list for PBXProject "appios1" */;
			compatibilityVersion = "Xcode 9.3";
			developmentRegion = en;
			hasScannedForEncodings = 0;
			knownRegions = (
				en,
				Base,
			);
			mainGroup = 90E6BE5E21BB222C00E38F81;
			productRefGroup = 90E6BE6821BB222C00E38F81 /* Products */;
			projectDirPath = "";
			projectRoot = "";
			targets = (
				90E6BE6621BB222C00E38F81 /* appios1 */,
				90E6BE7A21BB222F00E38F81 /* appios1Tests */,
				90E6BE8521BB222F00E38F81 /* appios1UITests */,
			);
		};
/* End PBXProject section */

/* Begin PBXResourcesBuildPhase section */
		90E6BE6521BB222C00E38F81 /* Resources */ = {
			isa = PBXResourcesBuildPhase;
			buildActionMask = 2147483647;
			files = (
				90E6BE7521BB222E00E38F81 /* LaunchScreen.storyboard in Resources */,
				90E6BE7221BB222E00E38F81 /* Assets.xcassets in Resources */,
				90E6BE7021BB222C00E38F81 /* Main.storyboard in Resources */,
				9095386521DBF3BA00BE8EFC /* tiantianqidong.jpg in Resources */,
			);
			runOnlyForDeploymentPostprocessing = 0;
		};
		90E6BE7921BB222F00E38F81 /* Resources */ = {
			isa = PBXResourcesBuildPhase;
			buildActionMask = 2147483647;
			files = (
			);
			runOnlyForDeploymentPostprocessing = 0;
		};
		90E6BE8421BB222F00E38F81 /* Resources */ = {
			isa = PBXResourcesBuildPhase;
			buildActionMask = 2147483647;
			files = (
			);
			runOnlyForDeploymentPostprocessing = 0;
		};
/* End PBXResourcesBuildPhase section */

/* Begin PBXShellScriptBuildPhase section */
		10CB658DD2F7492D9282A41B /* [CP] Embed Pods Frameworks */ = {
			isa = PBXShellScriptBuildPhase;
			buildActionMask = 2147483647;
			files = (
			);
			inputFileListPaths = (
			);
			inputPaths = (
				"${SRCROOT}/Pods/Target Support Files/Pods-appios1/Pods-appios1-frameworks.sh",
				"${BUILT_PRODUCTS_DIR}/Alamofire/Alamofire.framework",
				"${BUILT_PRODUCTS_DIR}/LeanCloud/LeanCloud.framework",
			);
			name = "[CP] Embed Pods Frameworks";
			outputFileListPaths = (
			);
			outputPaths = (
				"${TARGET_BUILD_DIR}/${FRAMEWORKS_FOLDER_PATH}/Alamofire.framework",
				"${TARGET_BUILD_DIR}/${FRAMEWORKS_FOLDER_PATH}/LeanCloud.framework",
			);
			runOnlyForDeploymentPostprocessing = 0;
			shellPath = /bin/sh;
			shellScript = "\"${SRCROOT}/Pods/Target Support Files/Pods-appios1/Pods-appios1-frameworks.sh\"\n";
			showEnvVarsInLog = 0;
		};
		3DDC566D61C9ACF45C11AF03 /* [CP] Check Pods Manifest.lock */ = {
			isa = PBXShellScriptBuildPhase;
			buildActionMask = 2147483647;
			files = (
			);
			inputFileListPaths = (
			);
			inputPaths = (
				"${PODS_PODFILE_DIR_PATH}/Podfile.lock",
				"${PODS_ROOT}/Manifest.lock",
			);
			name = "[CP] Check Pods Manifest.lock";
			outputFileListPaths = (
			);
			outputPaths = (
				"$(DERIVED_FILE_DIR)/Pods-appios1-checkManifestLockResult.txt",
			);
			runOnlyForDeploymentPostprocessing = 0;
			shellPath = /bin/sh;
			shellScript = "diff \"${PODS_PODFILE_DIR_PATH}/Podfile.lock\" \"${PODS_ROOT}/Manifest.lock\" > /dev/null\nif [ $? != 0 ] ; then\n    # print error to STDERR\n    echo \"error: The sandbox is not in sync with the Podfile.lock. Run 'pod install' or update your CocoaPods installation.\" >&2\n    exit 1\nfi\n# This output is used by Xcode 'outputs' to avoid re-running this script phase.\necho \"SUCCESS\" > \"${SCRIPT_OUTPUT_FILE_0}\"\n";
			showEnvVarsInLog = 0;
		};
/* End PBXShellScriptBuildPhase section */

/* Begin PBXSourcesBuildPhase section */
		90E6BE6321BB222C00E38F81 /* Sources */ = {
			isa = PBXSourcesBuildPhase;
			buildActionMask = 2147483647;
			files = (
				90E6BE6D21BB222C00E38F81 /* ViewController.swift in Sources */,
				90E6BE6B21BB222C00E38F81 /* AppDelegate.swift in Sources */,
			);
			runOnlyForDeploymentPostprocessing = 0;
		};
		90E6BE7721BB222F00E38F81 /* Sources */ = {
			isa = PBXSourcesBuildPhase;
			buildActionMask = 2147483647;
			files = (
				90E6BE8021BB222F00E38F81 /* appios1Tests.swift in Sources */,
			);
			runOnlyForDeploymentPostprocessing = 0;
		};
		90E6BE8221BB222F00E38F81 /* Sources */ = {
			isa = PBXSourcesBuildPhase;
			buildActionMask = 2147483647;
			files = (
				90E6BE8B21BB222F00E38F81 /* appios1UITests.swift in Sources */,
			);
			runOnlyForDeploymentPostprocessing = 0;
		};
/* End PBXSourcesBuildPhase section */

/* Begin PBXTargetDependency section */
		90E6BE7D21BB222F00E38F81 /* PBXTargetDependency */ = {
			isa = PBXTargetDependency;
			target = 90E6BE6621BB222C00E38F81 /* appios1 */;
			targetProxy = 90E6BE7C21BB222F00E38F81 /* PBXContainerItemProxy */;
		};
		90E6BE8821BB222F00E38F81 /* PBXTargetDependency */ = {
			isa = PBXTargetDependency;
			target = 90E6BE6621BB222C00E38F81 /* appios1 */;
			targetProxy = 90E6BE8721BB222F00E38F81 /* PBXContainerItemProxy */;
		};
/* End PBXTargetDependency section */

/* Begin PBXVariantGroup section */
		90E6BE6E21BB222C00E38F81 /* Main.storyboard */ = {
			isa = PBXVariantGroup;
			children = (
				90E6BE6F21BB222C00E38F81 /* Base */,
			);
			name = Main.storyboard;
			sourceTree = "<group>";
		};
		90E6BE7321BB222E00E38F81 /* LaunchScreen.storyboard */ = {
			isa = PBXVariantGroup;
			children = (
				90E6BE7421BB222E00E38F81 /* Base */,
			);
			name = LaunchScreen.storyboard;
			sourceTree = "<group>";
		};
/* End PBXVariantGroup section */

/* Begin XCBuildConfiguration section */
		90E6BE8D21BB222F00E38F81 /* Debug */ = {
			isa = XCBuildConfiguration;
			buildSettings = {
				ALWAYS_SEARCH_USER_PATHS = NO;
				CLANG_ANALYZER_NONNULL = YES;
				CLANG_ANALYZER_NUMBER_OBJECT_CONVERSION = YES_AGGRESSIVE;
				CLANG_CXX_LANGUAGE_STANDARD = "gnu++14";
				CLANG_CXX_LIBRARY = "libc++";
				CLANG_ENABLE_MODULES = YES;
				CLANG_ENABLE_OBJC_ARC = YES;
				CLANG_ENABLE_OBJC_WEAK = YES;
				CLANG_WARN_BLOCK_CAPTURE_AUTORELEASING = YES;
				CLANG_WARN_BOOL_CONVERSION = YES;
				CLANG_WARN_COMMA = YES;
				CLANG_WARN_CONSTANT_CONVERSION = YES;
				CLANG_WARN_DEPRECATED_OBJC_IMPLEMENTATIONS = YES;
				CLANG_WARN_DIRECT_OBJC_ISA_USAGE = YES_ERROR;
				CLANG_WARN_DOCUMENTATION_COMMENTS = YES;
				CLANG_WARN_EMPTY_BODY = YES;
				CLANG_WARN_ENUM_CONVERSION = YES;
				CLANG_WARN_INFINITE_RECURSION = YES;
				CLANG_WARN_INT_CONVERSION = YES;
				CLANG_WARN_NON_LITERAL_NULL_CONVERSION = YES;
				CLANG_WARN_OBJC_IMPLICIT_RETAIN_SELF = YES;
				CLANG_WARN_OBJC_LITERAL_CONVERSION = YES;
				CLANG_WARN_OBJC_ROOT_CLASS = YES_ERROR;
				CLANG_WARN_RANGE_LOOP_ANALYSIS = YES;
				CLANG_WARN_STRICT_PROTOTYPES = YES;
				CLANG_WARN_SUSPICIOUS_MOVE = YES;
				CLANG_WARN_UNGUARDED_AVAILABILITY = YES_AGGRESSIVE;
				CLANG_WARN_UNREACHABLE_CODE = YES;
				CLANG_WARN__DUPLICATE_METHOD_MATCH = YES;
				CODE_SIGN_IDENTITY = "iPhone Developer";
				COPY_PHASE_STRIP = NO;
				DEBUG_INFORMATION_FORMAT = dwarf;
				ENABLE_STRICT_OBJC_MSGSEND = YES;
				ENABLE_TESTABILITY = YES;
				GCC_C_LANGUAGE_STANDARD = gnu11;
				GCC_DYNAMIC_NO_PIC = NO;
				GCC_NO_COMMON_BLOCKS = YES;
				GCC_OPTIMIZATION_LEVEL = 0;
				GCC_PREPROCESSOR_DEFINITIONS = (
					"DEBUG=1",
					"$(inherited)",
				);
				GCC_WARN_64_TO_32_BIT_CONVERSION = YES;
				GCC_WARN_ABOUT_RETURN_TYPE = YES_ERROR;
				GCC_WARN_UNDECLARED_SELECTOR = YES;
				GCC_WARN_UNINITIALIZED_AUTOS = YES_AGGRESSIVE;
				GCC_WARN_UNUSED_FUNCTION = YES;
				GCC_WARN_UNUSED_VARIABLE = YES;
				IPHONEOS_DEPLOYMENT_TARGET = 12.1;
				MTL_ENABLE_DEBUG_INFO = INCLUDE_SOURCE;
				MTL_FAST_MATH = YES;
				ONLY_ACTIVE_ARCH = YES;
				SDKROOT = iphoneos;
				SWIFT_ACTIVE_COMPILATION_CONDITIONS = DEBUG;
				SWIFT_OPTIMIZATION_LEVEL = "-Onone";
			};
			name = Debug;
		};
		90E6BE8E21BB222F00E38F81 /* Release */ = {
			isa = XCBuildConfiguration;
			buildSettings = {
				ALWAYS_SEARCH_USER_PATHS = NO;
				CLANG_ANALYZER_NONNULL = YES;
				CLANG_ANALYZER_NUMBER_OBJECT_CONVERSION = YES_AGGRESSIVE;
				CLANG_CXX_LANGUAGE_STANDARD = "gnu++14";
				CLANG_CXX_LIBRARY = "libc++";
				CLANG_ENABLE_MODULES = YES;
				CLANG_ENABLE_OBJC_ARC = YES;
				CLANG_ENABLE_OBJC_WEAK = YES;
				CLANG_WARN_BLOCK_CAPTURE_AUTORELEASING = YES;
				CLANG_WARN_BOOL_CONVERSION = YES;
				CLANG_WARN_COMMA = YES;
				CLANG_WARN_CONSTANT_CONVERSION = YES;
				CLANG_WARN_DEPRECATED_OBJC_IMPLEMENTATIONS = YES;
				CLANG_WARN_DIRECT_OBJC_ISA_USAGE = YES_ERROR;
				CLANG_WARN_DOCUMENTATION_COMMENTS = YES;
				CLANG_WARN_EMPTY_BODY = YES;
				CLANG_WARN_ENUM_CONVERSION = YES;
				CLANG_WARN_INFINITE_RECURSION = YES;
				CLANG_WARN_INT_CONVERSION = YES;
				CLANG_WARN_NON_LITERAL_NULL_CONVERSION = YES;
				CLANG_WARN_OBJC_IMPLICIT_RETAIN_SELF = YES;
				CLANG_WARN_OBJC_LITERAL_CONVERSION = YES;
				CLANG_WARN_OBJC_ROOT_CLASS = YES_ERROR;
				CLANG_WARN_RANGE_LOOP_ANALYSIS = YES;
				CLANG_WARN_STRICT_PROTOTYPES = YES;
				CLANG_WARN_SUSPICIOUS_MOVE = YES;
				CLANG_WARN_UNGUARDED_AVAILABILITY = YES_AGGRESSIVE;
				CLANG_WARN_UNREACHABLE_CODE = YES;
				CLANG_WARN__DUPLICATE_METHOD_MATCH = YES;
				CODE_SIGN_IDENTITY = "iPhone Developer";
				COPY_PHASE_STRIP = NO;
				DEBUG_INFORMATION_FORMAT = "dwarf-with-dsym";
				ENABLE_NS_ASSERTIONS = NO;
				ENABLE_STRICT_OBJC_MSGSEND = YES;
				GCC_C_LANGUAGE_STANDARD = gnu11;
				GCC_NO_COMMON_BLOCKS = YES;
				GCC_WARN_64_TO_32_BIT_CONVERSION = YES;
				GCC_WARN_ABOUT_RETURN_TYPE = YES_ERROR;
				GCC_WARN_UNDECLARED_SELECTOR = YES;
				GCC_WARN_UNINITIALIZED_AUTOS = YES_AGGRESSIVE;
				GCC_WARN_UNUSED_FUNCTION = YES;
				GCC_WARN_UNUSED_VARIABLE = YES;
				IPHONEOS_DEPLOYMENT_TARGET = 12.1;
				MTL_ENABLE_DEBUG_INFO = NO;
				MTL_FAST_MATH = YES;
				SDKROOT = iphoneos;
				SWIFT_COMPILATION_MODE = wholemodule;
				SWIFT_OPTIMIZATION_LEVEL = "-O";
				VALIDATE_PRODUCT = YES;
			};
			name = Release;
		};
		90E6BE9021BB222F00E38F81 /* Debug */ = {
			isa = XCBuildConfiguration;
			baseConfigurationReference = 8BEB127EDE9CD6877A52A2CF /* Pods-appios1.debug.xcconfig */;
			buildSettings = {
				ASSETCATALOG_COMPILER_APPICON_NAME = AppIcon;
				CODE_SIGN_ENTITLEMENTS = appios1/appios1.entitlements;
				CODE_SIGN_IDENTITY = "iPhone Distribution";
				CODE_SIGN_STYLE = Manual;
				DEVELOPMENT_TEAM = D6NKYL5W35;
				INFOPLIST_FILE = appios1/Info.plist;
				IPHONEOS_DEPLOYMENT_TARGET = 12.1;
				LD_RUNPATH_SEARCH_PATHS = (
					"$(inherited)",
					"@executable_path/Frameworks",
				);
				PRODUCT_BUNDLE_IDENTIFIER = com.oushelun.appios2;
				PRODUCT_NAME = "$(TARGET_NAME)";
				PROVISIONING_PROFILE_SPECIFIER = kaka2;
				SWIFT_OBJC_BRIDGING_HEADER = "/Users/j309999174/Desktop/appios1/appios1/appios1-Bridging-Header.h";
				SWIFT_VERSION = 4.2;
				TARGETED_DEVICE_FAMILY = "1,2";
			};
			name = Debug;
		};
		90E6BE9121BB222F00E38F81 /* Release */ = {
			isa = XCBuildConfiguration;
			baseConfigurationReference = 9CAC3FBFA227B719955AF760 /* Pods-appios1.release.xcconfig */;
			buildSettings = {
				ASSETCATALOG_COMPILER_APPICON_NAME = AppIcon;
				CODE_SIGN_ENTITLEMENTS = appios1/appios1.entitlements;
				CODE_SIGN_IDENTITY = "iPhone Distribution";
				CODE_SIGN_STYLE = Manual;
				DEVELOPMENT_TEAM = D6NKYL5W35;
				INFOPLIST_FILE = appios1/Info.plist;
				IPHONEOS_DEPLOYMENT_TARGET = 12.1;
				LD_RUNPATH_SEARCH_PATHS = (
					"$(inherited)",
					"@executable_path/Frameworks",
				);
				PRODUCT_BUNDLE_IDENTIFIER = com.oushelun.appios2;
				PRODUCT_NAME = "$(TARGET_NAME)";
				PROVISIONING_PROFILE_SPECIFIER = kaka2;
				SWIFT_OBJC_BRIDGING_HEADER = "/Users/j309999174/Desktop/appios1/appios1/appios1-Bridging-Header.h";
				SWIFT_VERSION = 4.2;
				TARGETED_DEVICE_FAMILY = "1,2";
			};
			name = Release;
		};
		90E6BE9321BB222F00E38F81 /* Debug */ = {
			isa = XCBuildConfiguration;
			buildSettings = {
				ALWAYS_EMBED_SWIFT_STANDARD_LIBRARIES = YES;
				BUNDLE_LOADER = "$(TEST_HOST)";
				CODE_SIGN_STYLE = Automatic;
				DEVELOPMENT_TEAM = Y683GGLLBM;
				INFOPLIST_FILE = appios1Tests/Info.plist;
				LD_RUNPATH_SEARCH_PATHS = (
					"$(inherited)",
					"@executable_path/Frameworks",
					"@loader_path/Frameworks",
				);
				PRODUCT_BUNDLE_IDENTIFIER = cn.oushelun.appios1Tests;
				PRODUCT_NAME = "$(TARGET_NAME)";
				SWIFT_VERSION = 4.2;
				TARGETED_DEVICE_FAMILY = "1,2";
				TEST_HOST = "$(BUILT_PRODUCTS_DIR)/appios1.app/appios1";
			};
			name = Debug;
		};
		90E6BE9421BB222F00E38F81 /* Release */ = {
			isa = XCBuildConfiguration;
			buildSettings = {
				ALWAYS_EMBED_SWIFT_STANDARD_LIBRARIES = YES;
				BUNDLE_LOADER = "$(TEST_HOST)";
				CODE_SIGN_STYLE = Automatic;
				DEVELOPMENT_TEAM = Y683GGLLBM;
				INFOPLIST_FILE = appios1Tests/Info.plist;
				LD_RUNPATH_SEARCH_PATHS = (
					"$(inherited)",
					"@executable_path/Frameworks",
					"@loader_path/Frameworks",
				);
				PRODUCT_BUNDLE_IDENTIFIER = cn.oushelun.appios1Tests;
				PRODUCT_NAME = "$(TARGET_NAME)";
				SWIFT_VERSION = 4.2;
				TARGETED_DEVICE_FAMILY = "1,2";
				TEST_HOST = "$(BUILT_PRODUCTS_DIR)/appios1.app/appios1";
			};
			name = Release;
		};
		90E6BE9621BB222F00E38F81 /* Debug */ = {
			isa = XCBuildConfiguration;
			buildSettings = {
				ALWAYS_EMBED_SWIFT_STANDARD_LIBRARIES = YES;
				CODE_SIGN_STYLE = Automatic;
				DEVELOPMENT_TEAM = Y683GGLLBM;
				INFOPLIST_FILE = appios1UITests/Info.plist;
				LD_RUNPATH_SEARCH_PATHS = (
					"$(inherited)",
					"@executable_path/Frameworks",
					"@loader_path/Frameworks",
				);
				PRODUCT_BUNDLE_IDENTIFIER = cn.oushelun.appios1UITests;
				PRODUCT_NAME = "$(TARGET_NAME)";
				SWIFT_VERSION = 4.2;
				TARGETED_DEVICE_FAMILY = "1,2";
				TEST_TARGET_NAME = appios1;
			};
			name = Debug;
		};
		90E6BE9721BB222F00E38F81 /* Release */ = {
			isa = XCBuildConfiguration;
			buildSettings = {
				ALWAYS_EMBED_SWIFT_STANDARD_LIBRARIES = YES;
				CODE_SIGN_STYLE = Automatic;
				DEVELOPMENT_TEAM = Y683GGLLBM;
				INFOPLIST_FILE = appios1UITests/Info.plist;
				LD_RUNPATH_SEARCH_PATHS = (
					"$(inherited)",
					"@executable_path/Frameworks",
					"@loader_path/Frameworks",
				);
				PRODUCT_BUNDLE_IDENTIFIER = cn.oushelun.appios1UITests;
				PRODUCT_NAME = "$(TARGET_NAME)";
				SWIFT_VERSION = 4.2;
				TARGETED_DEVICE_FAMILY = "1,2";
				TEST_TARGET_NAME = appios1;
			};
			name = Release;
		};
/* End XCBuildConfiguration section */

/* Begin XCConfigurationList section */
		90E6BE6221BB222C00E38F81 /* Build configuration list for PBXProject "appios1" */ = {
			isa = XCConfigurationList;
			buildConfigurations = (
				90E6BE8D21BB222F00E38F81 /* Debug */,
				90E6BE8E21BB222F00E38F81 /* Release */,
			);
			defaultConfigurationIsVisible = 0;
			defaultConfigurationName = Release;
		};
		90E6BE8F21BB222F00E38F81 /* Build configuration list for PBXNativeTarget "appios1" */ = {
			isa = XCConfigurationList;
			buildConfigurations = (
				90E6BE9021BB222F00E38F81 /* Debug */,
				90E6BE9121BB222F00E38F81 /* Release */,
			);
			defaultConfigurationIsVisible = 0;
			defaultConfigurationName = Release;
		};
		90E6BE9221BB222F00E38F81 /* Build configuration list for PBXNativeTarget "appios1Tests" */ = {
			isa = XCConfigurationList;
			buildConfigurations = (
				90E6BE9321BB222F00E38F81 /* Debug */,
				90E6BE9421BB222F00E38F81 /* Release */,
			);
			defaultConfigurationIsVisible = 0;
			defaultConfigurationName = Release;
		};
		90E6BE9521BB222F00E38F81 /* Build configuration list for PBXNativeTarget "appios1UITests" */ = {
			isa = XCConfigurationList;
			buildConfigurations = (
				90E6BE9621BB222F00E38F81 /* Debug */,
				90E6BE9721BB222F00E38F81 /* Release */,
			);
			defaultConfigurationIsVisible = 0;
			defaultConfigurationName = Release;
		};
/* End XCConfigurationList section */
	};
	rootObject = 90E6BE5F21BB222C00E38F81 /* Project object */;
}
